version: 6
environments:
  default:
    channels:
    - url: https://conda.anaconda.org/conda-forge/
    packages:
      linux-64:
      - conda: https://conda.anaconda.org/conda-forge/linux-64/_libgcc_mutex-0.1-conda_forge.tar.bz2
      - conda: https://conda.anaconda.org/conda-forge/linux-64/_openmp_mutex-4.5-2_gnu.tar.bz2
      - conda: https://conda.anaconda.org/conda-forge/linux-64/autoconf-2.72-pl5321hbb4ee43_1.conda
      - conda: https://conda.anaconda.org/conda-forge/linux-64/automake-1.17-pl5321ha770c72_0.conda
      - conda: https://conda.anaconda.org/conda-forge/linux-64/binutils_impl_linux-64-2.44-h4bf12b8_1.conda
      - conda: https://conda.anaconda.org/conda-forge/linux-64/bzip2-1.0.8-h4bc722e_7.conda
      - conda: https://conda.anaconda.org/conda-forge/linux-64/c-ares-1.34.5-hb9d3cd8_0.conda
      - conda: https://conda.anaconda.org/conda-forge/noarch/ca-certificates-2025.7.14-hbd8a1cb_0.conda
      - conda: https://conda.anaconda.org/conda-forge/linux-64/ccache-4.11.3-h80c52d3_0.conda
      - conda: https://conda.anaconda.org/conda-forge/linux-64/cmake-4.0.3-h74e3db0_0.conda
      - conda: https://conda.anaconda.org/conda-forge/linux-64/conda-gcc-specs-15.1.0-hc55bae6_3.conda
      - conda: https://conda.anaconda.org/conda-forge/linux-64/f2c-20210323183018-h166bdaf_1010.tar.bz2
      - conda: https://conda.anaconda.org/conda-forge/linux-64/gcc-15.1.0-h33e79ad_3.conda
      - conda: https://conda.anaconda.org/conda-forge/linux-64/gcc_impl_linux-64-15.1.0-h4393ad2_3.conda
      - conda: https://conda.anaconda.org/conda-forge/linux-64/gfortran-15.1.0-h33e79ad_3.conda
      - conda: https://conda.anaconda.org/conda-forge/linux-64/gfortran_impl_linux-64-15.1.0-h3b9cdf2_3.conda
      - conda: https://conda.anaconda.org/conda-forge/linux-64/icu-75.1-he02047a_0.conda
      - conda: https://conda.anaconda.org/conda-forge/noarch/kernel-headers_linux-64-4.18.0-he073ed8_8.conda
      - conda: https://conda.anaconda.org/conda-forge/linux-64/keyutils-1.6.1-h166bdaf_0.tar.bz2
      - conda: https://conda.anaconda.org/conda-forge/linux-64/krb5-1.21.3-h659f571_0.conda
      - conda: https://conda.anaconda.org/conda-forge/linux-64/ld_impl_linux-64-2.44-h1423503_1.conda
      - conda: https://conda.anaconda.org/conda-forge/linux-64/libasprintf-0.25.1-h8e693c7_0.conda
      - conda: https://conda.anaconda.org/conda-forge/linux-64/libcurl-8.14.1-h332b0f4_0.conda
      - conda: https://conda.anaconda.org/conda-forge/linux-64/libedit-3.1.20250104-pl5321h7949ede_0.conda
      - conda: https://conda.anaconda.org/conda-forge/linux-64/libev-4.33-hd590300_2.conda
      - conda: https://conda.anaconda.org/conda-forge/linux-64/libexpat-2.7.1-hecca717_0.conda
      - conda: https://conda.anaconda.org/conda-forge/linux-64/libffi-3.4.6-h2dba641_1.conda
      - conda: https://conda.anaconda.org/conda-forge/linux-64/libgcc-15.1.0-h767d61c_3.conda
      - conda: https://conda.anaconda.org/conda-forge/noarch/libgcc-devel_linux-64-15.1.0-h4c094af_103.conda
      - conda: https://conda.anaconda.org/conda-forge/linux-64/libgcc-ng-15.1.0-h69a702a_3.conda
      - conda: https://conda.anaconda.org/conda-forge/linux-64/libgettextpo-0.25.1-h5888daf_0.conda
      - conda: https://conda.anaconda.org/conda-forge/linux-64/libgfortran-15.1.0-h69a702a_3.conda
      - conda: https://conda.anaconda.org/conda-forge/linux-64/libgfortran-ng-15.1.0-h69a702a_3.conda
      - conda: https://conda.anaconda.org/conda-forge/linux-64/libgfortran5-15.1.0-hcea5267_3.conda
      - conda: https://conda.anaconda.org/conda-forge/linux-64/libgomp-15.1.0-h767d61c_3.conda
      - conda: https://conda.anaconda.org/conda-forge/linux-64/libhiredis-1.0.2-h2cc385e_0.tar.bz2
      - conda: https://conda.anaconda.org/conda-forge/linux-64/libidn2-2.3.8-ha4ef2c3_0.conda
      - conda: https://conda.anaconda.org/conda-forge/linux-64/libltdl-2.4.3a-h5888daf_0.conda
      - conda: https://conda.anaconda.org/conda-forge/linux-64/liblzma-5.8.1-hb9d3cd8_2.conda
      - conda: https://conda.anaconda.org/conda-forge/linux-64/libmpdec-4.0.0-hb9d3cd8_0.conda
      - conda: https://conda.anaconda.org/conda-forge/linux-64/libnghttp2-1.64.0-h161d5f1_0.conda
      - conda: https://conda.anaconda.org/conda-forge/linux-64/libsanitizer-15.1.0-h97b714f_3.conda
      - conda: https://conda.anaconda.org/conda-forge/linux-64/libsqlite-3.50.3-hee844dc_0.conda
      - conda: https://conda.anaconda.org/conda-forge/linux-64/libssh2-1.11.1-hcf80075_0.conda
      - conda: https://conda.anaconda.org/conda-forge/linux-64/libstdcxx-15.1.0-h8f9b012_3.conda
      - conda: https://conda.anaconda.org/conda-forge/linux-64/libstdcxx-ng-15.1.0-h4852527_3.conda
      - conda: https://conda.anaconda.org/conda-forge/linux-64/libtool-2.5.4-h5888daf_0.conda
      - conda: https://conda.anaconda.org/conda-forge/linux-64/libunistring-0.9.10-h7f98852_0.tar.bz2
      - conda: https://conda.anaconda.org/conda-forge/linux-64/libuuid-2.38.1-h0b41bf4_0.conda
      - conda: https://conda.anaconda.org/conda-forge/linux-64/libuv-1.51.0-hb9d3cd8_0.conda
      - conda: https://conda.anaconda.org/conda-forge/linux-64/libxcrypt-4.4.36-hd590300_1.conda
      - conda: https://conda.anaconda.org/conda-forge/linux-64/libzlib-1.3.1-hb9d3cd8_2.conda
      - conda: https://conda.anaconda.org/conda-forge/linux-64/m4-1.4.20-hb9d3cd8_0.conda
      - conda: https://conda.anaconda.org/conda-forge/linux-64/make-4.4.1-hb9d3cd8_2.conda
      - conda: https://conda.anaconda.org/conda-forge/linux-64/ncurses-6.5-h2d0b736_3.conda
      - conda: https://conda.anaconda.org/conda-forge/linux-64/nodejs-20.19.4-hf7ee748_0.conda
      - conda: https://conda.anaconda.org/conda-forge/linux-64/openssl-3.5.1-h7b32b05_0.conda
      - conda: https://conda.anaconda.org/conda-forge/linux-64/pcre2-10.45-hc749103_0.conda
      - conda: https://conda.anaconda.org/conda-forge/linux-64/perl-5.32.1-7_hd590300_perl5.conda
      - conda: https://conda.anaconda.org/conda-forge/noarch/pip-25.1.1-pyh145f28c_0.conda
      - conda: https://conda.anaconda.org/conda-forge/linux-64/python-3.13.2-hf636f53_101_cp313.conda
      - conda: https://conda.anaconda.org/conda-forge/noarch/python_abi-3.13-8_cp313.conda
      - conda: https://conda.anaconda.org/conda-forge/linux-64/readline-8.2-h8c095d6_2.conda
      - conda: https://conda.anaconda.org/conda-forge/linux-64/rhash-1.4.6-hb9d3cd8_1.conda
      - conda: https://conda.anaconda.org/conda-forge/noarch/setuptools-80.9.0-pyhff2d567_0.conda
      - conda: https://conda.anaconda.org/conda-forge/linux-64/swig-4.3.1-h32e72b7_1.conda
      - conda: https://conda.anaconda.org/conda-forge/noarch/sysroot_linux-64-2.28-h4ee821c_8.conda
      - conda: https://conda.anaconda.org/conda-forge/linux-64/texinfo-7.2-pl5321haa1a288_0.conda
      - conda: https://conda.anaconda.org/conda-forge/linux-64/tk-8.6.13-noxft_hd72426e_102.conda
      - conda: https://conda.anaconda.org/conda-forge/noarch/tzdata-2025b-h78e105d_0.conda
      - conda: https://conda.anaconda.org/conda-forge/linux-64/wget-1.21.4-hda4d442_0.conda
      - conda: https://conda.anaconda.org/conda-forge/linux-64/zlib-1.3.1-hb9d3cd8_2.conda
      - conda: https://conda.anaconda.org/conda-forge/linux-64/zstd-1.5.7-hb8e6e7a_2.conda
packages:
- conda: https://conda.anaconda.org/conda-forge/linux-64/_libgcc_mutex-0.1-conda_forge.tar.bz2
  sha256: fe51de6107f9edc7aa4f786a70f4a883943bc9d39b3bb7307c04c41410990726
  md5: d7c89558ba9fa0495403155b64376d81
  license: None
  size: 2562
  timestamp: 1578324546067
- conda: https://conda.anaconda.org/conda-forge/linux-64/_openmp_mutex-4.5-2_gnu.tar.bz2
  build_number: 16
  sha256: fbe2c5e56a653bebb982eda4876a9178aedfc2b545f25d0ce9c4c0b508253d22
  md5: 73aaf86a425cc6e73fcf236a5a46396d
  depends:
  - _libgcc_mutex 0.1 conda_forge
  - libgomp >=7.5.0
  constrains:
  - openmp_impl 9999
  license: BSD-3-Clause
  license_family: BSD
  size: 23621
  timestamp: 1650670423406
- conda: https://conda.anaconda.org/conda-forge/linux-64/autoconf-2.72-pl5321hbb4ee43_1.conda
  sha256: 8297a545b15576a899ffc0293a9b25c7d9895e155c61d96f266d38c3c46640cb
  md5: 61a406051317df9dd63157c4c53899e6
  depends:
  - __glibc >=2.17,<3.0.a0
  - m4
  - perl 5.*
  license: GPL-3.0-or-later
  license_family: GPL
  size: 648370
  timestamp: 1747238591729
- conda: https://conda.anaconda.org/conda-forge/linux-64/automake-1.17-pl5321ha770c72_0.conda
  sha256: b5c383c4b95c405796c309d9149ae4dd314eab1e8cb0ba1925f0c8f7c304dd26
  md5: 31215fb10dea74a08fca01d36b793492
  depends:
  - autoconf
  - m4
  - perl 5.*
  license: GPL-3.0-or-later
  license_family: GPL
  size: 595151
  timestamp: 1724062205361
- conda: https://conda.anaconda.org/conda-forge/linux-64/binutils_impl_linux-64-2.44-h4bf12b8_1.conda
  sha256: 8556847f91a85c31ef65b05b7e9182a52775616d5d4e550dfb48cdee5fd35687
  md5: e45cfedc8ca5630e02c106ea36d2c5c6
  depends:
  - ld_impl_linux-64 2.44 h1423503_1
  - sysroot_linux-64
  license: GPL-3.0-only
  license_family: GPL
  size: 3781716
  timestamp: 1752032761608
- conda: https://conda.anaconda.org/conda-forge/linux-64/bzip2-1.0.8-h4bc722e_7.conda
  sha256: 5ced96500d945fb286c9c838e54fa759aa04a7129c59800f0846b4335cee770d
  md5: 62ee74e96c5ebb0af99386de58cf9553
  depends:
  - __glibc >=2.17,<3.0.a0
  - libgcc-ng >=12
  license: bzip2-1.0.6
  license_family: BSD
  size: 252783
  timestamp: 1720974456583
- conda: https://conda.anaconda.org/conda-forge/linux-64/c-ares-1.34.5-hb9d3cd8_0.conda
  sha256: f8003bef369f57396593ccd03d08a8e21966157269426f71e943f96e4b579aeb
  md5: f7f0d6cc2dc986d42ac2689ec88192be
  depends:
  - __glibc >=2.17,<3.0.a0
  - libgcc >=13
  license: MIT
  license_family: MIT
  size: 206884
  timestamp: 1744127994291
- conda: https://conda.anaconda.org/conda-forge/noarch/ca-certificates-2025.7.14-hbd8a1cb_0.conda
  sha256: 29defbd83c7829788358678ec996adeee252fa4d4274b7cd386c1ed73d2b201e
  md5: d16c90324aef024877d8713c0b7fea5b
  depends:
  - __unix
  license: ISC
  size: 155658
  timestamp: 1752482350666
- conda: https://conda.anaconda.org/conda-forge/linux-64/ccache-4.11.3-h80c52d3_0.conda
  sha256: ac9464a60a7b085b5a999aaf33d882705390d7749b35e320f639614ae0cc9474
  md5: eb517c6a2b960c3ccb6f1db1005f063a
  depends:
  - libgcc >=13
  - libstdcxx >=13
  - libgcc >=13
  - __glibc >=2.17,<3.0.a0
  - zstd >=1.5.7,<1.6.0a0
  - libhiredis >=1.0.2,<1.1.0a0
  license: GPL-3.0-only
  license_family: GPL
  size: 708908
  timestamp: 1746271484780
- conda: https://conda.anaconda.org/conda-forge/linux-64/cmake-4.0.3-h74e3db0_0.conda
  sha256: becb0030ae243c003367d11bdf2f66a1b5adc1693f11ecfddb90f5ee2521de5f
  md5: 8e307cb10b262859a00667ce6a0fcf1f
  depends:
  - __glibc >=2.17,<3.0.a0
  - bzip2 >=1.0.8,<2.0a0
  - libcurl >=8.14.1,<9.0a0
  - libexpat >=2.7.0,<3.0a0
  - libgcc >=13
  - liblzma >=5.8.1,<6.0a0
  - libstdcxx >=13
  - libuv >=1.51.0,<2.0a0
  - libzlib >=1.3.1,<2.0a0
  - ncurses >=6.5,<7.0a0
  - rhash >=1.4.6,<2.0a0
  - zstd >=1.5.7,<1.6.0a0
  license: BSD-3-Clause
  license_family: BSD
  size: 20410493
  timestamp: 1749760929591
- conda: https://conda.anaconda.org/conda-forge/linux-64/conda-gcc-specs-15.1.0-hc55bae6_3.conda
  sha256: d3206e920c44e1637c6b60366670cebd7872812812fba834dfadcc02aa76dad5
  md5: 907e04c7ccdecba6ff583022ade324d4
  depends:
  - gcc_impl_linux-64 >=15.1.0,<15.1.1.0a0
  license: GPL-3.0-only WITH GCC-exception-3.1
  license_family: GPL
  size: 33184
  timestamp: 1750808533112
- conda: https://conda.anaconda.org/conda-forge/linux-64/f2c-20210323183018-h166bdaf_1010.tar.bz2
  sha256: 03cdbfe5c093c7e90aca69dcfef652458353227608c1422f7e0d3e851e187e20
  md5: 1677329a89d54ec3dd357c2db1147228
  depends:
  - libgcc-ng >=10.3.0
  license: SMLNJ
  size: 280844
  timestamp: 1651442728739
- conda: https://conda.anaconda.org/conda-forge/linux-64/gcc-15.1.0-h33e79ad_3.conda
  sha256: 69cc03e5b20e064ad5a9ac88ac3b792a1b089c838fa4ab5eb56990a9c166ce5a
  md5: 45ddc7242fed76e1b4ff5ee062e6d926
  depends:
  - conda-gcc-specs
  - gcc_impl_linux-64 15.1.0.*
  license: BSD-3-Clause
  license_family: BSD
  size: 30820
  timestamp: 1750808688614
- conda: https://conda.anaconda.org/conda-forge/linux-64/gcc_impl_linux-64-15.1.0-h4393ad2_3.conda
  sha256: fed91c71f8e7b3f0970f883c589d7dd74a3503b7020d0be273cea301a64ee3af
  md5: f39f96280dd8b1ec8cbd395a3d3fdd1e
  depends:
  - binutils_impl_linux-64 >=2.40
  - libgcc >=15.1.0
  - libgcc-devel_linux-64 15.1.0 h4c094af_103
  - libgomp >=15.1.0
  - libsanitizer 15.1.0 h97b714f_3
  - libstdcxx >=15.1.0
  - sysroot_linux-64
  license: GPL-3.0-only WITH GCC-exception-3.1
  license_family: GPL
  size: 76098052
  timestamp: 1750808341511
- conda: https://conda.anaconda.org/conda-forge/linux-64/gfortran-15.1.0-h33e79ad_3.conda
  sha256: 7ca0a1c2eba9faefc1e0b1c513028aa94cb9ae6ea9d709f7975ae0a3c39c92d0
  md5: 783b9a1c689194f4e1635bbed59c2c86
  depends:
  - gcc 15.1.0.*
  - gcc_impl_linux-64 15.1.0.*
  - gfortran_impl_linux-64 15.1.0.*
  license: BSD-3-Clause
  license_family: BSD
  size: 30265
  timestamp: 1750808702625
- conda: https://conda.anaconda.org/conda-forge/linux-64/gfortran_impl_linux-64-15.1.0-h3b9cdf2_3.conda
  sha256: 00bdc89b8490827d38408489da35b5013887073f48d7b7ad9384285d68567c8a
  md5: 649c5fe0593a880702e434bc375f3e8a
  depends:
  - gcc_impl_linux-64 >=15.1.0
  - libgcc >=15.1.0
  - libgfortran5 >=15.1.0
  - libstdcxx >=15.1.0
  - sysroot_linux-64
  license: GPL-3.0-only WITH GCC-exception-3.1
  license_family: GPL
  size: 18662405
  timestamp: 1750808602414
- conda: https://conda.anaconda.org/conda-forge/linux-64/icu-75.1-he02047a_0.conda
  sha256: 71e750d509f5fa3421087ba88ef9a7b9be11c53174af3aa4d06aff4c18b38e8e
  md5: 8b189310083baabfb622af68fd9d3ae3
  depends:
  - __glibc >=2.17,<3.0.a0
  - libgcc-ng >=12
  - libstdcxx-ng >=12
  license: MIT
  license_family: MIT
  size: 12129203
  timestamp: 1720853576813
- conda: https://conda.anaconda.org/conda-forge/noarch/kernel-headers_linux-64-4.18.0-he073ed8_8.conda
  sha256: 305c22a251db227679343fd73bfde121e555d466af86e537847f4c8b9436be0d
  md5: ff007ab0f0fdc53d245972bba8a6d40c
  constrains:
  - sysroot_linux-64 ==2.28
  license: LGPL-2.0-or-later AND LGPL-2.0-or-later WITH exceptions AND GPL-2.0-or-later
  license_family: GPL
  size: 1272697
  timestamp: 1752669126073
- conda: https://conda.anaconda.org/conda-forge/linux-64/keyutils-1.6.1-h166bdaf_0.tar.bz2
  sha256: 150c05a6e538610ca7c43beb3a40d65c90537497a4f6a5f4d15ec0451b6f5ebb
  md5: 30186d27e2c9fa62b45fb1476b7200e3
  depends:
  - libgcc-ng >=10.3.0
  license: LGPL-2.1-or-later
  size: 117831
  timestamp: 1646151697040
- conda: https://conda.anaconda.org/conda-forge/linux-64/krb5-1.21.3-h659f571_0.conda
  sha256: 99df692f7a8a5c27cd14b5fb1374ee55e756631b9c3d659ed3ee60830249b238
  md5: 3f43953b7d3fb3aaa1d0d0723d91e368
  depends:
  - keyutils >=1.6.1,<2.0a0
  - libedit >=3.1.20191231,<3.2.0a0
  - libedit >=3.1.20191231,<4.0a0
  - libgcc-ng >=12
  - libstdcxx-ng >=12
  - openssl >=3.3.1,<4.0a0
  license: MIT
  license_family: MIT
  size: 1370023
  timestamp: 1719463201255
- conda: https://conda.anaconda.org/conda-forge/linux-64/ld_impl_linux-64-2.44-h1423503_1.conda
  sha256: 1a620f27d79217c1295049ba214c2f80372062fd251b569e9873d4a953d27554
  md5: 0be7c6e070c19105f966d3758448d018
  depends:
  - __glibc >=2.17,<3.0.a0
  constrains:
  - binutils_impl_linux-64 2.44
  license: GPL-3.0-only
  license_family: GPL
  size: 676044
  timestamp: 1752032747103
- conda: https://conda.anaconda.org/conda-forge/linux-64/libasprintf-0.25.1-h8e693c7_0.conda
  sha256: cf9c4e500397af97d813583e4d5056d2c0523bbc1638cffcea610400c3733d11
  md5: 96ae2046abdf1bb9c65e3338725c06ac
  depends:
  - __glibc >=2.17,<3.0.a0
  - libgcc >=13
  - libstdcxx >=13
  license: LGPL-2.1-or-later
  size: 53164
  timestamp: 1751557534077
- conda: https://conda.anaconda.org/conda-forge/linux-64/libcurl-8.14.1-h332b0f4_0.conda
  sha256: b6c5cf340a4f80d70d64b3a29a7d9885a5918d16a5cb952022820e6d3e79dc8b
  md5: 45f6713cb00f124af300342512219182
  depends:
  - __glibc >=2.17,<3.0.a0
  - krb5 >=1.21.3,<1.22.0a0
  - libgcc >=13
  - libnghttp2 >=1.64.0,<2.0a0
  - libssh2 >=1.11.1,<2.0a0
  - libzlib >=1.3.1,<2.0a0
  - openssl >=3.5.0,<4.0a0
  - zstd >=1.5.7,<1.6.0a0
  license: curl
  license_family: MIT
  size: 449910
  timestamp: 1749033146806
- conda: https://conda.anaconda.org/conda-forge/linux-64/libedit-3.1.20250104-pl5321h7949ede_0.conda
  sha256: d789471216e7aba3c184cd054ed61ce3f6dac6f87a50ec69291b9297f8c18724
  md5: c277e0a4d549b03ac1e9d6cbbe3d017b
  depends:
  - ncurses
  - __glibc >=2.17,<3.0.a0
  - libgcc >=13
  - ncurses >=6.5,<7.0a0
  license: BSD-2-Clause
  license_family: BSD
  size: 134676
  timestamp: 1738479519902
- conda: https://conda.anaconda.org/conda-forge/linux-64/libev-4.33-hd590300_2.conda
  sha256: 1cd6048169fa0395af74ed5d8f1716e22c19a81a8a36f934c110ca3ad4dd27b4
  md5: 172bf1cd1ff8629f2b1179945ed45055
  depends:
  - libgcc-ng >=12
  license: BSD-2-Clause
  license_family: BSD
  size: 112766
  timestamp: 1702146165126
- conda: https://conda.anaconda.org/conda-forge/linux-64/libexpat-2.7.1-hecca717_0.conda
  sha256: da2080da8f0288b95dd86765c801c6e166c4619b910b11f9a8446fb852438dc2
  md5: 4211416ecba1866fab0c6470986c22d6
  depends:
  - __glibc >=2.17,<3.0.a0
  - libgcc >=14
  constrains:
  - expat 2.7.1.*
  license: MIT
  license_family: MIT
  size: 74811
  timestamp: 1752719572741
- conda: https://conda.anaconda.org/conda-forge/linux-64/libffi-3.4.6-h2dba641_1.conda
  sha256: 764432d32db45466e87f10621db5b74363a9f847d2b8b1f9743746cd160f06ab
  md5: ede4673863426c0883c0063d853bbd85
  depends:
  - __glibc >=2.17,<3.0.a0
  - libgcc >=13
  license: MIT
  license_family: MIT
  size: 57433
  timestamp: 1743434498161
- conda: https://conda.anaconda.org/conda-forge/linux-64/libgcc-15.1.0-h767d61c_3.conda
  sha256: 59a87161212abe8acc57d318b0cc8636eb834cdfdfddcf1f588b5493644b39a3
  md5: 9e60c55e725c20d23125a5f0dd69af5d
  depends:
  - __glibc >=2.17,<3.0.a0
  - _openmp_mutex >=4.5
  constrains:
  - libgcc-ng ==15.1.0=*_3
  - libgomp 15.1.0 h767d61c_3
  license: GPL-3.0-only WITH GCC-exception-3.1
  license_family: GPL
  size: 824921
  timestamp: 1750808216066
- conda: https://conda.anaconda.org/conda-forge/noarch/libgcc-devel_linux-64-15.1.0-h4c094af_103.conda
  sha256: 770a59a79f83dbd8ada4565b08633b429c0c54040b2b1f78c4db4648c7c7a805
  md5: ea67e87d658d31dc33818f9574563269
  depends:
  - __unix
  license: GPL-3.0-only WITH GCC-exception-3.1
  license_family: GPL
  size: 2728790
  timestamp: 1750808123770
- conda: https://conda.anaconda.org/conda-forge/linux-64/libgcc-ng-15.1.0-h69a702a_3.conda
  sha256: b0b0a5ee6ce645a09578fc1cb70c180723346f8a45fdb6d23b3520591c6d6996
  md5: e66f2b8ad787e7beb0f846e4bd7e8493
  depends:
  - libgcc 15.1.0 h767d61c_3
  license: GPL-3.0-only WITH GCC-exception-3.1
  license_family: GPL
  size: 29033
  timestamp: 1750808224854
- conda: https://conda.anaconda.org/conda-forge/linux-64/libgettextpo-0.25.1-h5888daf_0.conda
  sha256: d5f6da77757c54be732ffa2213e19235d60c92375892dd82baaece751c141e24
  md5: 8d2f4f3884f01aad1e197c3db4ef305f
  depends:
  - __glibc >=2.17,<3.0.a0
  - libgcc >=13
  license: GPL-3.0-or-later
  license_family: GPL
  size: 177739
  timestamp: 1751557544603
- conda: https://conda.anaconda.org/conda-forge/linux-64/libgfortran-15.1.0-h69a702a_3.conda
  sha256: 77dd1f1efd327e6991e87f09c7c97c4ae1cfbe59d9485c41d339d6391ac9c183
  md5: bfbca721fd33188ef923dfe9ba172f29
  depends:
  - libgfortran5 15.1.0 hcea5267_3
  constrains:
  - libgfortran-ng ==15.1.0=*_3
  license: GPL-3.0-only WITH GCC-exception-3.1
  license_family: GPL
  size: 29057
  timestamp: 1750808257258
- conda: https://conda.anaconda.org/conda-forge/linux-64/libgfortran-ng-15.1.0-h69a702a_3.conda
  sha256: 2d961f9748d994a4dc9891feae60e182ae9cdce4b0780caaa643e9e3757c7b43
  md5: 6e5d0574e57a38c36e674e9a18eee2b4
  depends:
  - libgfortran 15.1.0 h69a702a_3
  license: GPL-3.0-only WITH GCC-exception-3.1
  license_family: GPL
  size: 29089
  timestamp: 1750808529101
- conda: https://conda.anaconda.org/conda-forge/linux-64/libgfortran5-15.1.0-hcea5267_3.conda
  sha256: eea6c3cf22ad739c279b4d665e6cf20f8081f483b26a96ddd67d4df3c88dfa0a
  md5: 530566b68c3b8ce7eec4cd047eae19fe
  depends:
  - __glibc >=2.17,<3.0.a0
  - libgcc >=15.1.0
  constrains:
  - libgfortran 15.1.0
  license: GPL-3.0-only WITH GCC-exception-3.1
  license_family: GPL
  size: 1565627
  timestamp: 1750808236464
- conda: https://conda.anaconda.org/conda-forge/linux-64/libgomp-15.1.0-h767d61c_3.conda
  sha256: 43710ab4de0cd7ff8467abff8d11e7bb0e36569df04ce1c099d48601818f11d1
  md5: 3cd1a7238a0dd3d0860fdefc496cc854
  depends:
  - __glibc >=2.17,<3.0.a0
  license: GPL-3.0-only WITH GCC-exception-3.1
  license_family: GPL
  size: 447068
  timestamp: 1750808138400
- conda: https://conda.anaconda.org/conda-forge/linux-64/libhiredis-1.0.2-h2cc385e_0.tar.bz2
  sha256: ee39c69df4fb39cfe1139ac4f7405bb066eba773e11ba3ab7c33835be00c2e48
  md5: b34907d3a81a3cd8095ee83d174c074a
  depends:
  - libgcc-ng >=9.4.0
  - libgfortran-ng
  - libgfortran5 >=9.4.0
  - libstdcxx-ng >=9.4.0
  license: BSD-3-Clause
  license_family: BSD
  size: 147325
  timestamp: 1633982069195
- conda: https://conda.anaconda.org/conda-forge/linux-64/libidn2-2.3.8-ha4ef2c3_0.conda
  sha256: b009d936a67b0cc595cc7b11cde103069a9f334bf39553989705aeaedf2ac6f3
  md5: e155d7130e134619e41dc21276ed6ab5
  depends:
  - __glibc >=2.17,<3.0.a0
  - libasprintf >=0.23.1,<1.0a0
  - libgcc >=13
  - libgettextpo >=0.23.1,<1.0a0
  - libunistring >=0,<1.0a0
  license: LGPL-2.0-only
  license_family: LGPL
  size: 137731
  timestamp: 1741525622652
- conda: https://conda.anaconda.org/conda-forge/linux-64/libltdl-2.4.3a-h5888daf_0.conda
  sha256: 7620c6425d4491e17083106ca49624448fc16186c30a93cf2b58f862bba416d1
  md5: 8e5de39cab514fa908fcaa7ba37a8738
  depends:
  - __glibc >=2.17,<3.0.a0
  - libgcc >=13
  license: LGPL-2.0-or-later
  license_family: LGPL
  size: 38472
  timestamp: 1740593829307
- conda: https://conda.anaconda.org/conda-forge/linux-64/liblzma-5.8.1-hb9d3cd8_2.conda
  sha256: f2591c0069447bbe28d4d696b7fcb0c5bd0b4ac582769b89addbcf26fb3430d8
  md5: 1a580f7796c7bf6393fddb8bbbde58dc
  depends:
  - __glibc >=2.17,<3.0.a0
  - libgcc >=13
  constrains:
  - xz 5.8.1.*
  license: 0BSD
  size: 112894
  timestamp: 1749230047870
- conda: https://conda.anaconda.org/conda-forge/linux-64/libmpdec-4.0.0-hb9d3cd8_0.conda
  sha256: 3aa92d4074d4063f2a162cd8ecb45dccac93e543e565c01a787e16a43501f7ee
  md5: c7e925f37e3b40d893459e625f6a53f1
  depends:
  - __glibc >=2.17,<3.0.a0
  - libgcc >=13
  license: BSD-2-Clause
  license_family: BSD
  size: 91183
  timestamp: 1748393666725
- conda: https://conda.anaconda.org/conda-forge/linux-64/libnghttp2-1.64.0-h161d5f1_0.conda
  sha256: b0f2b3695b13a989f75d8fd7f4778e1c7aabe3b36db83f0fe80b2cd812c0e975
  md5: 19e57602824042dfd0446292ef90488b
  depends:
  - __glibc >=2.17,<3.0.a0
  - c-ares >=1.32.3,<2.0a0
  - libev >=4.33,<4.34.0a0
  - libev >=4.33,<5.0a0
  - libgcc >=13
  - libstdcxx >=13
  - libzlib >=1.3.1,<2.0a0
  - openssl >=3.3.2,<4.0a0
  license: MIT
  license_family: MIT
  size: 647599
  timestamp: 1729571887612
- conda: https://conda.anaconda.org/conda-forge/linux-64/libsanitizer-15.1.0-h97b714f_3.conda
  sha256: 75fa45d8ea2344bfe96667b478fd00f1d038026f399cb680eceec836c90e67bc
  md5: bbcff9bf972a0437bea8e431e4b327bb
  depends:
  - __glibc >=2.17,<3.0.a0
  - libgcc >=15.1.0
  - libstdcxx >=15.1.0
  license: GPL-3.0-only WITH GCC-exception-3.1
  license_family: GPL
  size: 5224736
  timestamp: 1750808272292
- conda: https://conda.anaconda.org/conda-forge/linux-64/libsqlite-3.50.3-hee844dc_0.conda
  sha256: 10891c917031d27c546d397f22e09c449c6c10782f2c0a069f361a502d286f3c
  md5: 4fe4c3b7ce84cda6508b6d78f0ce72e3
  depends:
  - __glibc >=2.17,<3.0.a0
  - icu >=75.1,<76.0a0
  - libgcc >=14
  - libzlib >=1.3.1,<2.0a0
  license: Unlicense
  size: 935794
  timestamp: 1752825101149
- conda: https://conda.anaconda.org/conda-forge/linux-64/libssh2-1.11.1-hcf80075_0.conda
  sha256: fa39bfd69228a13e553bd24601332b7cfeb30ca11a3ca50bb028108fe90a7661
  md5: eecce068c7e4eddeb169591baac20ac4
  depends:
  - __glibc >=2.17,<3.0.a0
  - libgcc >=13
  - libzlib >=1.3.1,<2.0a0
  - openssl >=3.5.0,<4.0a0
  license: BSD-3-Clause
  license_family: BSD
  size: 304790
  timestamp: 1745608545575
- conda: https://conda.anaconda.org/conda-forge/linux-64/libstdcxx-15.1.0-h8f9b012_3.conda
  sha256: 7650837344b7850b62fdba02155da0b159cf472b9ab59eb7b472f7bd01dff241
  md5: 6d11a5edae89fe413c0569f16d308f5a
  depends:
  - __glibc >=2.17,<3.0.a0
  - libgcc 15.1.0 h767d61c_3
  license: GPL-3.0-only WITH GCC-exception-3.1
  license_family: GPL
  size: 3896407
  timestamp: 1750808251302
- conda: https://conda.anaconda.org/conda-forge/linux-64/libstdcxx-ng-15.1.0-h4852527_3.conda
  sha256: bbaea1ecf973a7836f92b8ebecc94d3c758414f4de39d2cc6818a3d10cb3216b
  md5: 57541755b5a51691955012b8e197c06c
  depends:
  - libstdcxx 15.1.0 h8f9b012_3
  license: GPL-3.0-only WITH GCC-exception-3.1
  license_family: GPL
  size: 29093
  timestamp: 1750808292700
- conda: https://conda.anaconda.org/conda-forge/linux-64/libtool-2.5.4-h5888daf_0.conda
  sha256: c8245c70ba5b075e0cd61f430afbda00b60931603ed4ea31ce89e7fe930e4e3d
  md5: 90697d80c181414aa3472199e136a04e
  depends:
  - __glibc >=2.17,<3.0.a0
  - libgcc >=13
  - libltdl 2.4.3a h5888daf_0
  license: GPL-2.0-or-later
  license_family: GPL
  size: 415044
  timestamp: 1740593851157
- conda: https://conda.anaconda.org/conda-forge/linux-64/libunistring-0.9.10-h7f98852_0.tar.bz2
  sha256: e88c45505921db29c08df3439ddb7f771bbff35f95e7d3103bf365d5d6ce2a6d
  md5: 7245a044b4a1980ed83196176b78b73a
  depends:
  - libgcc-ng >=9.3.0
  license: GPL-3.0-only OR LGPL-3.0-only
  size: 1433436
  timestamp: 1626955018689
- conda: https://conda.anaconda.org/conda-forge/linux-64/libuuid-2.38.1-h0b41bf4_0.conda
  sha256: 787eb542f055a2b3de553614b25f09eefb0a0931b0c87dbcce6efdfd92f04f18
  md5: 40b61aab5c7ba9ff276c41cfffe6b80b
  depends:
  - libgcc-ng >=12
  license: BSD-3-Clause
  license_family: BSD
  size: 33601
  timestamp: 1680112270483
- conda: https://conda.anaconda.org/conda-forge/linux-64/libuv-1.51.0-hb9d3cd8_0.conda
  sha256: 770ca175d64323976c9fe4303042126b2b01c1bd54c8c96cafeaba81bdb481b8
  md5: 1349c022c92c5efd3fd705a79a5804d8
  depends:
  - __glibc >=2.17,<3.0.a0
  - libgcc >=13
  license: MIT
  license_family: MIT
  size: 890145
  timestamp: 1748304699136
- conda: https://conda.anaconda.org/conda-forge/linux-64/libxcrypt-4.4.36-hd590300_1.conda
  sha256: 6ae68e0b86423ef188196fff6207ed0c8195dd84273cb5623b85aa08033a410c
  md5: 5aa797f8787fe7a17d1b0821485b5adc
  depends:
  - libgcc-ng >=12
  license: LGPL-2.1-or-later
  size: 100393
  timestamp: 1702724383534
- conda: https://conda.anaconda.org/conda-forge/linux-64/libzlib-1.3.1-hb9d3cd8_2.conda
  sha256: d4bfe88d7cb447768e31650f06257995601f89076080e76df55e3112d4e47dc4
  md5: edb0dca6bc32e4f4789199455a1dbeb8
  depends:
  - __glibc >=2.17,<3.0.a0
  - libgcc >=13
  constrains:
  - zlib 1.3.1 *_2
  license: Zlib
  license_family: Other
  size: 60963
  timestamp: 1727963148474
- conda: https://conda.anaconda.org/conda-forge/linux-64/m4-1.4.20-hb9d3cd8_0.conda
  sha256: c3d51ea1f8a52a92d49e57fa94c6bd434de2f18f80ebecbc0c47254110d92e51
  md5: d6798f502ec48cf0d626ad5a5d722a89
  depends:
  - __glibc >=2.17,<3.0.a0
  - libgcc >=13
  license: GPL-3.0-or-later
  license_family: GPL
  size: 286245
  timestamp: 1747307567001
- conda: https://conda.anaconda.org/conda-forge/linux-64/make-4.4.1-hb9d3cd8_2.conda
  sha256: d652c7bd4d3b6f82b0f6d063b0d8df6f54cc47531092d7ff008e780f3261bdda
  md5: 33405d2a66b1411db9f7242c8b97c9e7
  depends:
  - __glibc >=2.17,<3.0.a0
  - libgcc >=13
  license: GPL-3.0-or-later
  license_family: GPL
  size: 513088
  timestamp: 1727801714848
- conda: https://conda.anaconda.org/conda-forge/linux-64/ncurses-6.5-h2d0b736_3.conda
  sha256: 3fde293232fa3fca98635e1167de6b7c7fda83caf24b9d6c91ec9eefb4f4d586
  md5: 47e340acb35de30501a76c7c799c41d7
  depends:
  - __glibc >=2.17,<3.0.a0
  - libgcc >=13
  license: X11 AND BSD-3-Clause
  size: 891641
  timestamp: 1738195959188
- conda: https://conda.anaconda.org/conda-forge/linux-64/nodejs-20.19.4-hf7ee748_0.conda
  sha256: cf86bc80cafe39397133c61544dcd6ab100f66ecce0ecedbb2f8541e05a111a7
  md5: cb478d75c54de187e55624862dc18a23
  depends:
  - __glibc >=2.17,<3.0.a0
  - icu >=75.1,<76.0a0
  - libgcc >=14
  - libstdcxx >=14
  - libuv >=1.51.0,<2.0a0
  - libzlib >=1.3.1,<2.0a0
  - openssl >=3.5.1,<4.0a0
  - zlib
  license: MIT
  license_family: MIT
  size: 17287658
  timestamp: 1752844484637
- conda: https://conda.anaconda.org/conda-forge/linux-64/openssl-3.5.1-h7b32b05_0.conda
  sha256: 942347492164190559e995930adcdf84e2fea05307ec8012c02a505f5be87462
  md5: c87df2ab1448ba69169652ab9547082d
  depends:
  - __glibc >=2.17,<3.0.a0
  - ca-certificates
  - libgcc >=13
  license: Apache-2.0
  license_family: Apache
  size: 3131002
  timestamp: 1751390382076
- conda: https://conda.anaconda.org/conda-forge/linux-64/pcre2-10.45-hc749103_0.conda
  sha256: 27c4014f616326240dcce17b5f3baca3953b6bc5f245ceb49c3fa1e6320571eb
  md5: b90bece58b4c2bf25969b70f3be42d25
  depends:
  - __glibc >=2.17,<3.0.a0
  - bzip2 >=1.0.8,<2.0a0
  - libgcc >=13
  - libzlib >=1.3.1,<2.0a0
  license: BSD-3-Clause
  license_family: BSD
  size: 1197308
  timestamp: 1745955064657
- conda: https://conda.anaconda.org/conda-forge/linux-64/perl-5.32.1-7_hd590300_perl5.conda
  build_number: 7
  sha256: 9ec32b6936b0e37bcb0ed34f22ec3116e75b3c0964f9f50ecea5f58734ed6ce9
  md5: f2cfec9406850991f4e3d960cc9e3321
  depends:
  - libgcc-ng >=12
  - libxcrypt >=4.4.36
  license: GPL-1.0-or-later OR Artistic-1.0-Perl
  size: 13344463
  timestamp: 1703310653947
- conda: https://conda.anaconda.org/conda-forge/noarch/pip-25.1.1-pyh145f28c_0.conda
  sha256: e18efebe17b1cdef5bed19786c312c2f563981bbf8843490d5007311e448ff48
  md5: 01384ff1639c6330a0924791413b8714
  depends:
  - python >=3.13.0a0
  license: MIT
  license_family: MIT
  size: 1244586
  timestamp: 1746250023993
- conda: https://conda.anaconda.org/conda-forge/linux-64/python-3.13.2-hf636f53_101_cp313.conda
  build_number: 101
  sha256: cc1984ee54261cee6a2db75c65fc7d2967bc8c6e912d332614df15244d7730ef
  md5: a7902a3611fe773da3921cbbf7bc2c5c
  depends:
  - __glibc >=2.17,<3.0.a0
  - bzip2 >=1.0.8,<2.0a0
  - ld_impl_linux-64 >=2.36.1
  - libexpat >=2.6.4,<3.0a0
  - libffi >=3.4,<4.0a0
  - libgcc >=13
  - liblzma >=5.6.4,<6.0a0
  - libmpdec >=4.0.0,<5.0a0
  - libsqlite >=3.48.0,<4.0a0
  - libuuid >=2.38.1,<3.0a0
  - libzlib >=1.3.1,<2.0a0
  - ncurses >=6.5,<7.0a0
  - openssl >=3.4.1,<4.0a0
  - python_abi 3.13.* *_cp313
  - readline >=8.2,<9.0a0
  - tk >=8.6.13,<8.7.0a0
  - tzdata
  license: Python-2.0
  size: 33233150
  timestamp: 1739803603242
  python_site_packages_path: lib/python3.13/site-packages
- conda: https://conda.anaconda.org/conda-forge/noarch/python_abi-3.13-8_cp313.conda
  build_number: 8
  sha256: 210bffe7b121e651419cb196a2a63687b087497595c9be9d20ebe97dd06060a7
  md5: 94305520c52a4aa3f6c2b1ff6008d9f8
  constrains:
  - python 3.13.* *_cp313
  license: BSD-3-Clause
  license_family: BSD
  size: 7002
  timestamp: 1752805902938
- conda: https://conda.anaconda.org/conda-forge/linux-64/readline-8.2-h8c095d6_2.conda
  sha256: 2d6d0c026902561ed77cd646b5021aef2d4db22e57a5b0178dfc669231e06d2c
  md5: 283b96675859b20a825f8fa30f311446
  depends:
  - libgcc >=13
  - ncurses >=6.5,<7.0a0
  license: GPL-3.0-only
  license_family: GPL
  size: 282480
  timestamp: 1740379431762
- conda: https://conda.anaconda.org/conda-forge/linux-64/rhash-1.4.6-hb9d3cd8_1.conda
  sha256: d5c73079c1dd2c2a313c3bfd81c73dbd066b7eb08d213778c8bff520091ae894
  md5: c1c9b02933fdb2cfb791d936c20e887e
  depends:
  - __glibc >=2.17,<3.0.a0
  - libgcc >=13
  license: MIT
  license_family: MIT
  size: 193775
  timestamp: 1748644872902
- conda: https://conda.anaconda.org/conda-forge/noarch/setuptools-80.9.0-pyhff2d567_0.conda
  sha256: 972560fcf9657058e3e1f97186cc94389144b46dbdf58c807ce62e83f977e863
  md5: 4de79c071274a53dcaf2a8c749d1499e
  depends:
  - python >=3.9
  license: MIT
  license_family: MIT
  size: 748788
  timestamp: 1748804951958
- conda: https://conda.anaconda.org/conda-forge/linux-64/swig-4.3.1-h32e72b7_1.conda
  sha256: 1db074e3671dd736f2d44c42f8cdf7a4afe879b1fbfcffb3b3f87b40777239fd
  md5: 1b22a26c3a9ad805c0fb861b23160ba5
  depends:
  - __glibc >=2.17,<3.0.a0
  - libgcc >=13
  - libstdcxx >=13
  - pcre2 >=10.45,<10.46.0a0
  license: GPL-3.0-or-later
  license_family: GPL
  size: 1249501
  timestamp: 1746016691247
- conda: https://conda.anaconda.org/conda-forge/noarch/sysroot_linux-64-2.28-h4ee821c_8.conda
  sha256: 0053c17ffbd9f8af1a7f864995d70121c292e317804120be4667f37c92805426
  md5: 1bad93f0aa428d618875ef3a588a889e
  depends:
  - __glibc >=2.28
  - kernel-headers_linux-64 4.18.0 he073ed8_8
  - tzdata
  license: LGPL-2.0-or-later AND LGPL-2.0-or-later WITH exceptions AND GPL-2.0-or-later
  license_family: GPL
  size: 24210909
  timestamp: 1752669140965
- conda: https://conda.anaconda.org/conda-forge/linux-64/texinfo-7.2-pl5321haa1a288_0.conda
  sha256: 1ca9c57508555189d48945e320c0d199daa125e4247c68dcec7873769560f228
  md5: 3505a7197967458c19e51bce94b126c9
  depends:
  - __glibc >=2.17,<3.0.a0
  - libgcc >=13
  - ncurses >=6.5,<7.0a0
  - perl >=5.32.1,<5.33.0a0 *_perl5
  license: GPL-2.0-only and GPL-3.0-only
  size: 1704851
  timestamp: 1734970977075
- conda: https://conda.anaconda.org/conda-forge/linux-64/tk-8.6.13-noxft_hd72426e_102.conda
  sha256: a84ff687119e6d8752346d1d408d5cf360dee0badd487a472aa8ddedfdc219e1
  md5: a0116df4f4ed05c303811a837d5b39d8
  depends:
  - __glibc >=2.17,<3.0.a0
  - libgcc >=13
  - libzlib >=1.3.1,<2.0a0
  license: TCL
  license_family: BSD
  size: 3285204
  timestamp: 1748387766691
- conda: https://conda.anaconda.org/conda-forge/noarch/tzdata-2025b-h78e105d_0.conda
  sha256: 5aaa366385d716557e365f0a4e9c3fca43ba196872abbbe3d56bb610d131e192
  md5: 4222072737ccff51314b5ece9c7d6f5a
  license: LicenseRef-Public-Domain
  size: 122968
  timestamp: 1742727099393
- conda: https://conda.anaconda.org/conda-forge/linux-64/wget-1.21.4-hda4d442_0.conda
  sha256: 70df4ac8cca488618458af4705706551cef7e402bac9c2c41dd17148f60cbd1f
  md5: 361e96b664eac64a33c20dfd11affbff
  depends:
  - libgcc-ng >=12
  - libidn2 >=2,<3.0a0
  - libunistring >=0,<1.0a0
  - libzlib >=1.2.13,<2.0.0a0
  - openssl >=3.2.1,<4.0a0
  - zlib
  license: GPL-3.0-or-later
  license_family: GPL
  size: 770380
  timestamp: 1710770110704
- conda: https://conda.anaconda.org/conda-forge/linux-64/zlib-1.3.1-hb9d3cd8_2.conda
  sha256: 5d7c0e5f0005f74112a34a7425179f4eb6e73c92f5d109e6af4ddeca407c92ab
  md5: c9f075ab2f33b3bbee9e62d4ad0a6cd8
  depends:
  - __glibc >=2.17,<3.0.a0
  - libgcc >=13
  - libzlib 1.3.1 hb9d3cd8_2
  license: Zlib
  license_family: Other
  size: 92286
  timestamp: 1727963153079
- conda: https://conda.anaconda.org/conda-forge/linux-64/zstd-1.5.7-hb8e6e7a_2.conda
  sha256: a4166e3d8ff4e35932510aaff7aa90772f84b4d07e9f6f83c614cba7ceefe0eb
  md5: 6432cb5d4ac0046c3ac0a8a0f95842f9
  depends:
  - __glibc >=2.17,<3.0.a0
  - libgcc >=13
  - libstdcxx >=13
  - libzlib >=1.3.1,<2.0a0
  license: BSD-3-Clause
  license_family: BSD
  size: 567578
  timestamp: 1742433379869
